// !$*UTF8*$!
{
	archiveVersion = 1;
	classes = {
	};
	objectVersion = 46;
	objects = {

/* Begin PBXAggregateTarget section */
		765EF8431EBCB96900C21E2E /* DPDataStorageAggregate */ = {
			isa = PBXAggregateTarget;
			buildConfigurationList = 765EF8441EBCB96A00C21E2E /* Build configuration list for PBXAggregateTarget "DPDataStorageAggregate" */;
			buildPhases = (
				765EF8471EBCB98F00C21E2E /* ShellScript */,
			);
			dependencies = (
			);
			name = DPDataStorageAggregate;
			productName = DPDataStorageAggregate;
		};
/* End PBXAggregateTarget section */

/* Begin PBXBuildFile section */
		074A3C1B22363B900061439E /* DPChange.m in Sources */ = {isa = PBXBuildFile; fileRef = 074A3C1922363B900061439E /* DPChange.m */; };
		074A3C1C22363B900061439E /* DPChange.h in Headers */ = {isa = PBXBuildFile; fileRef = 074A3C1A22363B900061439E /* DPChange.h */; settings = {ATTRIBUTES = (Private, ); }; };
		074B16BE21E46D6400FAF431 /* DPFilteredArrayController.h in Headers */ = {isa = PBXBuildFile; fileRef = 074B16BC21E46D6400FAF431 /* DPFilteredArrayController.h */; settings = {ATTRIBUTES = (Public, ); }; };
		074B16BF21E46D6400FAF431 /* DPFilteredArrayController.m in Sources */ = {isa = PBXBuildFile; fileRef = 074B16BD21E46D6400FAF431 /* DPFilteredArrayController.m */; };
		074B16C221E4734D00FAF431 /* DPSectionedArrayController.h in Headers */ = {isa = PBXBuildFile; fileRef = 074B16C021E4734D00FAF431 /* DPSectionedArrayController.h */; settings = {ATTRIBUTES = (Public, ); }; };
		074B16C321E4734D00FAF431 /* DPSectionedArrayController.m in Sources */ = {isa = PBXBuildFile; fileRef = 074B16C121E4734D00FAF431 /* DPSectionedArrayController.m */; };
		074B16D421E5E0C300FAF431 /* DPSectionedFetchedResultsController.h in Headers */ = {isa = PBXBuildFile; fileRef = 074B16D221E5E0C300FAF431 /* DPSectionedFetchedResultsController.h */; settings = {ATTRIBUTES = (Public, ); }; };
		074B16D521E5E0C300FAF431 /* DPSectionedFetchedResultsController.m in Sources */ = {isa = PBXBuildFile; fileRef = 074B16D321E5E0C300FAF431 /* DPSectionedFetchedResultsController.m */; };
		074E5E7A2208657500868634 /* DPArrayControllerSection.m in Sources */ = {isa = PBXBuildFile; fileRef = 074E5E782208657500868634 /* DPArrayControllerSection.m */; };
		074E5E7B2208657900868634 /* DPArrayControllerSection.h in Headers */ = {isa = PBXBuildFile; fileRef = 074E5E772208657500868634 /* DPArrayControllerSection.h */; settings = {ATTRIBUTES = (Private, ); }; };
		07588B4C220866B20093BA31 /* DPPlaceholderObject.h in Headers */ = {isa = PBXBuildFile; fileRef = 07588B4A220866B20093BA31 /* DPPlaceholderObject.h */; settings = {ATTRIBUTES = (Private, ); }; };
		07588B4D220866B20093BA31 /* DPPlaceholderObject.m in Sources */ = {isa = PBXBuildFile; fileRef = 07588B4B220866B20093BA31 /* DPPlaceholderObject.m */; };
		07750BBC21F599F4009B5C45 /* DPContainerControllerBasedController.h in Headers */ = {isa = PBXBuildFile; fileRef = 07750BBA21F599F4009B5C45 /* DPContainerControllerBasedController.h */; settings = {ATTRIBUTES = (Public, ); }; };
		07750BBD21F599F4009B5C45 /* DPContainerControllerBasedController.m in Sources */ = {isa = PBXBuildFile; fileRef = 07750BBB21F599F4009B5C45 /* DPContainerControllerBasedController.m */; };
		765EF8141EBCB53D00C21E2E /* DPDataStorage.h in Headers */ = {isa = PBXBuildFile; fileRef = 765EF8121EBCB53D00C21E2E /* DPDataStorage.h */; settings = {ATTRIBUTES = (Public, ); }; };
		765EF82C1EBCB60700C21E2E /* NSManagedObject+DataStorage.h in Headers */ = {isa = PBXBuildFile; fileRef = 765EF81B1EBCB60700C21E2E /* NSManagedObject+DataStorage.h */; settings = {ATTRIBUTES = (Public, ); }; };
		765EF82D1EBCB60700C21E2E /* NSManagedObject+DataStorage.m in Sources */ = {isa = PBXBuildFile; fileRef = 765EF81C1EBCB60700C21E2E /* NSManagedObject+DataStorage.m */; };
		765EF82E1EBCB60800C21E2E /* NSManagedObjectContext+DataStorage.h in Headers */ = {isa = PBXBuildFile; fileRef = 765EF81D1EBCB60700C21E2E /* NSManagedObjectContext+DataStorage.h */; settings = {ATTRIBUTES = (Public, ); }; };
		765EF82F1EBCB60800C21E2E /* NSManagedObjectContext+DataStorage.m in Sources */ = {isa = PBXBuildFile; fileRef = 765EF81E1EBCB60700C21E2E /* NSManagedObjectContext+DataStorage.m */; };
		765EF8301EBCB60800C21E2E /* NSManagedObjectModel+EntityDescription.h in Headers */ = {isa = PBXBuildFile; fileRef = 765EF81F1EBCB60700C21E2E /* NSManagedObjectModel+EntityDescription.h */; settings = {ATTRIBUTES = (Public, ); }; };
		765EF8311EBCB60800C21E2E /* NSManagedObjectModel+EntityDescription.m in Sources */ = {isa = PBXBuildFile; fileRef = 765EF8201EBCB60700C21E2E /* NSManagedObjectModel+EntityDescription.m */; };
		765EF8321EBCB60800C21E2E /* DPArrayController.h in Headers */ = {isa = PBXBuildFile; fileRef = 765EF8221EBCB60700C21E2E /* DPArrayController.h */; settings = {ATTRIBUTES = (Public, ); }; };
		765EF8331EBCB60800C21E2E /* DPArrayController.m in Sources */ = {isa = PBXBuildFile; fileRef = 765EF8231EBCB60700C21E2E /* DPArrayController.m */; };
		765EF8341EBCB60800C21E2E /* DPBaseDataSource.h in Headers */ = {isa = PBXBuildFile; fileRef = 765EF8241EBCB60700C21E2E /* DPBaseDataSource.h */; settings = {ATTRIBUTES = (Public, ); }; };
		765EF8351EBCB60800C21E2E /* DPBaseDataSource.m in Sources */ = {isa = PBXBuildFile; fileRef = 765EF8251EBCB60700C21E2E /* DPBaseDataSource.m */; };
		765EF8361EBCB60800C21E2E /* DPCollectionViewDataSource.h in Headers */ = {isa = PBXBuildFile; fileRef = 765EF8261EBCB60700C21E2E /* DPCollectionViewDataSource.h */; settings = {ATTRIBUTES = (Public, ); }; };
		765EF8371EBCB60800C21E2E /* DPCollectionViewDataSource.m in Sources */ = {isa = PBXBuildFile; fileRef = 765EF8271EBCB60700C21E2E /* DPCollectionViewDataSource.m */; };
		765EF8381EBCB60800C21E2E /* DPDataSourceCell.h in Headers */ = {isa = PBXBuildFile; fileRef = 765EF8281EBCB60700C21E2E /* DPDataSourceCell.h */; settings = {ATTRIBUTES = (Public, ); }; };
		765EF8391EBCB60800C21E2E /* DPDataSourceContainer.h in Headers */ = {isa = PBXBuildFile; fileRef = 765EF8291EBCB60700C21E2E /* DPDataSourceContainer.h */; settings = {ATTRIBUTES = (Public, ); }; };
		765EF83A1EBCB60800C21E2E /* DPTableViewDataSource.h in Headers */ = {isa = PBXBuildFile; fileRef = 765EF82A1EBCB60700C21E2E /* DPTableViewDataSource.h */; settings = {ATTRIBUTES = (Public, ); }; };
		765EF83B1EBCB60800C21E2E /* DPTableViewDataSource.m in Sources */ = {isa = PBXBuildFile; fileRef = 765EF82B1EBCB60700C21E2E /* DPTableViewDataSource.m */; };
		765EF83F1EBCB60D00C21E2E /* NSManagedObject+DPDataStorage_Mapping.h in Headers */ = {isa = PBXBuildFile; fileRef = 765EF83D1EBCB60D00C21E2E /* NSManagedObject+DPDataStorage_Mapping.h */; settings = {ATTRIBUTES = (Public, ); }; };
		765EF8401EBCB60D00C21E2E /* NSManagedObject+DPDataStorage_Mapping.m in Sources */ = {isa = PBXBuildFile; fileRef = 765EF83E1EBCB60D00C21E2E /* NSManagedObject+DPDataStorage_Mapping.m */; };
		765EF8421EBCB77D00C21E2E /* DPDataStorage.m in Sources */ = {isa = PBXBuildFile; fileRef = 765EF8411EBCB77D00C21E2E /* DPDataStorage.m */; };
		7690ADE91EC35DC5003C1CDD /* DPMapViewDataSource.h in Headers */ = {isa = PBXBuildFile; fileRef = 7690ADE71EC35DC5003C1CDD /* DPMapViewDataSource.h */; settings = {ATTRIBUTES = (Public, ); }; };
		7690ADEA1EC35DC5003C1CDD /* DPMapViewDataSource.m in Sources */ = {isa = PBXBuildFile; fileRef = 7690ADE81EC35DC5003C1CDD /* DPMapViewDataSource.m */; };
		B84F3CCA21CE3ECE00489349 /* NSManagedObject+DPDataStorage_Mapping.m in Sources */ = {isa = PBXBuildFile; fileRef = 765EF83E1EBCB60D00C21E2E /* NSManagedObject+DPDataStorage_Mapping.m */; };
		B84F3CCB21CE3ECE00489349 /* NSManagedObject+DataStorage.m in Sources */ = {isa = PBXBuildFile; fileRef = 765EF81C1EBCB60700C21E2E /* NSManagedObject+DataStorage.m */; };
		B84F3CD821CE3ECE00489349 /* NSManagedObject+DPDataStorage_Mapping.h in Headers */ = {isa = PBXBuildFile; fileRef = 765EF83D1EBCB60D00C21E2E /* NSManagedObject+DPDataStorage_Mapping.h */; settings = {ATTRIBUTES = (Public, ); }; };
		B84F3CEA21CE3FF600489349 /* NSManagedObjectContext+EntityDescription.h in Headers */ = {isa = PBXBuildFile; fileRef = B84F3CE821CE3FF600489349 /* NSManagedObjectContext+EntityDescription.h */; settings = {ATTRIBUTES = (Public, ); }; };
		B84F3CEC21CE3FF600489349 /* NSManagedObjectContext+EntityDescription.m in Sources */ = {isa = PBXBuildFile; fileRef = B84F3CE921CE3FF600489349 /* NSManagedObjectContext+EntityDescription.m */; };
		B84F3CED21CE3FF600489349 /* NSManagedObjectContext+EntityDescription.m in Sources */ = {isa = PBXBuildFile; fileRef = B84F3CE921CE3FF600489349 /* NSManagedObjectContext+EntityDescription.m */; };
		B84F3CF021CE422A00489349 /* NSManagedObjectContext+DPDataStorage_Mapping.h in Headers */ = {isa = PBXBuildFile; fileRef = B84F3CEE21CE422A00489349 /* NSManagedObjectContext+DPDataStorage_Mapping.h */; settings = {ATTRIBUTES = (Public, ); }; };
		B84F3CF121CE422A00489349 /* NSManagedObjectContext+DPDataStorage_Mapping.h in Headers */ = {isa = PBXBuildFile; fileRef = B84F3CEE21CE422A00489349 /* NSManagedObjectContext+DPDataStorage_Mapping.h */; settings = {ATTRIBUTES = (Public, ); }; };
		B84F3CF221CE422A00489349 /* NSManagedObjectContext+DPDataStorage_Mapping.m in Sources */ = {isa = PBXBuildFile; fileRef = B84F3CEF21CE422A00489349 /* NSManagedObjectContext+DPDataStorage_Mapping.m */; };
		B84F3CF321CE422A00489349 /* NSManagedObjectContext+DPDataStorage_Mapping.m in Sources */ = {isa = PBXBuildFile; fileRef = B84F3CEF21CE422A00489349 /* NSManagedObjectContext+DPDataStorage_Mapping.m */; };
/* End PBXBuildFile section */

/* Begin PBXFileReference section */
		074A3C1922363B900061439E /* DPChange.m */ = {isa = PBXFileReference; fileEncoding = 4; lastKnownFileType = sourcecode.c.objc; path = DPChange.m; sourceTree = "<group>"; };
		074A3C1A22363B900061439E /* DPChange.h */ = {isa = PBXFileReference; fileEncoding = 4; lastKnownFileType = sourcecode.c.h; path = DPChange.h; sourceTree = "<group>"; };
		074B16BC21E46D6400FAF431 /* DPFilteredArrayController.h */ = {isa = PBXFileReference; lastKnownFileType = sourcecode.c.h; path = DPFilteredArrayController.h; sourceTree = "<group>"; };
		074B16BD21E46D6400FAF431 /* DPFilteredArrayController.m */ = {isa = PBXFileReference; lastKnownFileType = sourcecode.c.objc; path = DPFilteredArrayController.m; sourceTree = "<group>"; };
		074B16C021E4734D00FAF431 /* DPSectionedArrayController.h */ = {isa = PBXFileReference; lastKnownFileType = sourcecode.c.h; path = DPSectionedArrayController.h; sourceTree = "<group>"; };
		074B16C121E4734D00FAF431 /* DPSectionedArrayController.m */ = {isa = PBXFileReference; lastKnownFileType = sourcecode.c.objc; path = DPSectionedArrayController.m; sourceTree = "<group>"; };
		074B16D221E5E0C300FAF431 /* DPSectionedFetchedResultsController.h */ = {isa = PBXFileReference; lastKnownFileType = sourcecode.c.h; path = DPSectionedFetchedResultsController.h; sourceTree = "<group>"; };
		074B16D321E5E0C300FAF431 /* DPSectionedFetchedResultsController.m */ = {isa = PBXFileReference; lastKnownFileType = sourcecode.c.objc; path = DPSectionedFetchedResultsController.m; sourceTree = "<group>"; };
		074E5E772208657500868634 /* DPArrayControllerSection.h */ = {isa = PBXFileReference; lastKnownFileType = sourcecode.c.h; path = DPArrayControllerSection.h; sourceTree = "<group>"; };
		074E5E782208657500868634 /* DPArrayControllerSection.m */ = {isa = PBXFileReference; lastKnownFileType = sourcecode.c.objc; path = DPArrayControllerSection.m; sourceTree = "<group>"; };
		07588B4A220866B20093BA31 /* DPPlaceholderObject.h */ = {isa = PBXFileReference; lastKnownFileType = sourcecode.c.h; path = DPPlaceholderObject.h; sourceTree = "<group>"; };
		07588B4B220866B20093BA31 /* DPPlaceholderObject.m */ = {isa = PBXFileReference; lastKnownFileType = sourcecode.c.objc; path = DPPlaceholderObject.m; sourceTree = "<group>"; };
		07750BBA21F599F4009B5C45 /* DPContainerControllerBasedController.h */ = {isa = PBXFileReference; lastKnownFileType = sourcecode.c.h; path = DPContainerControllerBasedController.h; sourceTree = "<group>"; };
		07750BBB21F599F4009B5C45 /* DPContainerControllerBasedController.m */ = {isa = PBXFileReference; lastKnownFileType = sourcecode.c.objc; path = DPContainerControllerBasedController.m; sourceTree = "<group>"; };
		765EF80F1EBCB53D00C21E2E /* DPDataStorage.framework */ = {isa = PBXFileReference; explicitFileType = wrapper.framework; includeInIndex = 0; path = DPDataStorage.framework; sourceTree = BUILT_PRODUCTS_DIR; };
		765EF8121EBCB53D00C21E2E /* DPDataStorage.h */ = {isa = PBXFileReference; lastKnownFileType = sourcecode.c.h; path = DPDataStorage.h; sourceTree = "<group>"; };
		765EF8131EBCB53D00C21E2E /* Info.plist */ = {isa = PBXFileReference; lastKnownFileType = text.plist.xml; path = Info.plist; sourceTree = "<group>"; };
		765EF81B1EBCB60700C21E2E /* NSManagedObject+DataStorage.h */ = {isa = PBXFileReference; fileEncoding = 4; lastKnownFileType = sourcecode.c.h; path = "NSManagedObject+DataStorage.h"; sourceTree = "<group>"; };
		765EF81C1EBCB60700C21E2E /* NSManagedObject+DataStorage.m */ = {isa = PBXFileReference; fileEncoding = 4; lastKnownFileType = sourcecode.c.objc; path = "NSManagedObject+DataStorage.m"; sourceTree = "<group>"; };
		765EF81D1EBCB60700C21E2E /* NSManagedObjectContext+DataStorage.h */ = {isa = PBXFileReference; fileEncoding = 4; lastKnownFileType = sourcecode.c.h; path = "NSManagedObjectContext+DataStorage.h"; sourceTree = "<group>"; };
		765EF81E1EBCB60700C21E2E /* NSManagedObjectContext+DataStorage.m */ = {isa = PBXFileReference; fileEncoding = 4; lastKnownFileType = sourcecode.c.objc; path = "NSManagedObjectContext+DataStorage.m"; sourceTree = "<group>"; };
		765EF81F1EBCB60700C21E2E /* NSManagedObjectModel+EntityDescription.h */ = {isa = PBXFileReference; fileEncoding = 4; lastKnownFileType = sourcecode.c.h; path = "NSManagedObjectModel+EntityDescription.h"; sourceTree = "<group>"; };
		765EF8201EBCB60700C21E2E /* NSManagedObjectModel+EntityDescription.m */ = {isa = PBXFileReference; fileEncoding = 4; lastKnownFileType = sourcecode.c.objc; path = "NSManagedObjectModel+EntityDescription.m"; sourceTree = "<group>"; };
		765EF8221EBCB60700C21E2E /* DPArrayController.h */ = {isa = PBXFileReference; fileEncoding = 4; lastKnownFileType = sourcecode.c.h; path = DPArrayController.h; sourceTree = "<group>"; };
		765EF8231EBCB60700C21E2E /* DPArrayController.m */ = {isa = PBXFileReference; fileEncoding = 4; lastKnownFileType = sourcecode.c.objc; path = DPArrayController.m; sourceTree = "<group>"; };
		765EF8241EBCB60700C21E2E /* DPBaseDataSource.h */ = {isa = PBXFileReference; fileEncoding = 4; lastKnownFileType = sourcecode.c.h; path = DPBaseDataSource.h; sourceTree = "<group>"; };
		765EF8251EBCB60700C21E2E /* DPBaseDataSource.m */ = {isa = PBXFileReference; fileEncoding = 4; lastKnownFileType = sourcecode.c.objc; path = DPBaseDataSource.m; sourceTree = "<group>"; };
		765EF8261EBCB60700C21E2E /* DPCollectionViewDataSource.h */ = {isa = PBXFileReference; fileEncoding = 4; lastKnownFileType = sourcecode.c.h; path = DPCollectionViewDataSource.h; sourceTree = "<group>"; };
		765EF8271EBCB60700C21E2E /* DPCollectionViewDataSource.m */ = {isa = PBXFileReference; fileEncoding = 4; lastKnownFileType = sourcecode.c.objc; path = DPCollectionViewDataSource.m; sourceTree = "<group>"; };
		765EF8281EBCB60700C21E2E /* DPDataSourceCell.h */ = {isa = PBXFileReference; fileEncoding = 4; lastKnownFileType = sourcecode.c.h; path = DPDataSourceCell.h; sourceTree = "<group>"; };
		765EF8291EBCB60700C21E2E /* DPDataSourceContainer.h */ = {isa = PBXFileReference; fileEncoding = 4; lastKnownFileType = sourcecode.c.h; path = DPDataSourceContainer.h; sourceTree = "<group>"; };
		765EF82A1EBCB60700C21E2E /* DPTableViewDataSource.h */ = {isa = PBXFileReference; fileEncoding = 4; lastKnownFileType = sourcecode.c.h; path = DPTableViewDataSource.h; sourceTree = "<group>"; };
		765EF82B1EBCB60700C21E2E /* DPTableViewDataSource.m */ = {isa = PBXFileReference; fileEncoding = 4; lastKnownFileType = sourcecode.c.objc; path = DPTableViewDataSource.m; sourceTree = "<group>"; };
		765EF83D1EBCB60D00C21E2E /* NSManagedObject+DPDataStorage_Mapping.h */ = {isa = PBXFileReference; fileEncoding = 4; lastKnownFileType = sourcecode.c.h; path = "NSManagedObject+DPDataStorage_Mapping.h"; sourceTree = "<group>"; };
		765EF83E1EBCB60D00C21E2E /* NSManagedObject+DPDataStorage_Mapping.m */ = {isa = PBXFileReference; fileEncoding = 4; lastKnownFileType = sourcecode.c.objc; path = "NSManagedObject+DPDataStorage_Mapping.m"; sourceTree = "<group>"; };
		765EF8411EBCB77D00C21E2E /* DPDataStorage.m */ = {isa = PBXFileReference; fileEncoding = 4; lastKnownFileType = sourcecode.c.objc; path = DPDataStorage.m; sourceTree = "<group>"; };
		7690ADE71EC35DC5003C1CDD /* DPMapViewDataSource.h */ = {isa = PBXFileReference; fileEncoding = 4; lastKnownFileType = sourcecode.c.h; path = DPMapViewDataSource.h; sourceTree = "<group>"; };
		7690ADE81EC35DC5003C1CDD /* DPMapViewDataSource.m */ = {isa = PBXFileReference; fileEncoding = 4; lastKnownFileType = sourcecode.c.objc; path = DPMapViewDataSource.m; sourceTree = "<group>"; };
		B84F3CE621CE3ECE00489349 /* CoreDataMapping.framework */ = {isa = PBXFileReference; explicitFileType = wrapper.framework; includeInIndex = 0; path = CoreDataMapping.framework; sourceTree = BUILT_PRODUCTS_DIR; };
		B84F3CE821CE3FF600489349 /* NSManagedObjectContext+EntityDescription.h */ = {isa = PBXFileReference; lastKnownFileType = sourcecode.c.h; path = "NSManagedObjectContext+EntityDescription.h"; sourceTree = "<group>"; };
		B84F3CE921CE3FF600489349 /* NSManagedObjectContext+EntityDescription.m */ = {isa = PBXFileReference; lastKnownFileType = sourcecode.c.objc; path = "NSManagedObjectContext+EntityDescription.m"; sourceTree = "<group>"; };
		B84F3CEE21CE422A00489349 /* NSManagedObjectContext+DPDataStorage_Mapping.h */ = {isa = PBXFileReference; lastKnownFileType = sourcecode.c.h; path = "NSManagedObjectContext+DPDataStorage_Mapping.h"; sourceTree = "<group>"; };
		B84F3CEF21CE422A00489349 /* NSManagedObjectContext+DPDataStorage_Mapping.m */ = {isa = PBXFileReference; lastKnownFileType = sourcecode.c.objc; path = "NSManagedObjectContext+DPDataStorage_Mapping.m"; sourceTree = "<group>"; };
/* End PBXFileReference section */

/* Begin PBXFrameworksBuildPhase section */
		765EF80B1EBCB53D00C21E2E /* Frameworks */ = {
			isa = PBXFrameworksBuildPhase;
			buildActionMask = 2147483647;
			files = (
			);
			runOnlyForDeploymentPostprocessing = 0;
		};
		B84F3CD421CE3ECE00489349 /* Frameworks */ = {
			isa = PBXFrameworksBuildPhase;
			buildActionMask = 2147483647;
			files = (
			);
			runOnlyForDeploymentPostprocessing = 0;
		};
/* End PBXFrameworksBuildPhase section */

/* Begin PBXGroup section */
		074E5E762208655200868634 /* private */ = {
			isa = PBXGroup;
			children = (
				074A3C1A22363B900061439E /* DPChange.h */,
				074A3C1922363B900061439E /* DPChange.m */,
				074E5E772208657500868634 /* DPArrayControllerSection.h */,
				074E5E782208657500868634 /* DPArrayControllerSection.m */,
				07588B4A220866B20093BA31 /* DPPlaceholderObject.h */,
				07588B4B220866B20093BA31 /* DPPlaceholderObject.m */,
			);
			path = private;
			sourceTree = "<group>";
		};
		765EF8051EBCB53D00C21E2E = {
			isa = PBXGroup;
			children = (
				765EF8111EBCB53D00C21E2E /* DPDataStorage */,
				765EF8101EBCB53D00C21E2E /* Products */,
			);
			sourceTree = "<group>";
		};
		765EF8101EBCB53D00C21E2E /* Products */ = {
			isa = PBXGroup;
			children = (
				765EF80F1EBCB53D00C21E2E /* DPDataStorage.framework */,
				B84F3CE621CE3ECE00489349 /* CoreDataMapping.framework */,
			);
			name = Products;
			sourceTree = "<group>";
		};
		765EF8111EBCB53D00C21E2E /* DPDataStorage */ = {
			isa = PBXGroup;
			children = (
				765EF83C1EBCB60D00C21E2E /* Mapping */,
				765EF81A1EBCB60700C21E2E /* Categories */,
				765EF8211EBCB60700C21E2E /* DPDataSource */,
				765EF8121EBCB53D00C21E2E /* DPDataStorage.h */,
				765EF8411EBCB77D00C21E2E /* DPDataStorage.m */,
				765EF8131EBCB53D00C21E2E /* Info.plist */,
			);
			name = DPDataStorage;
			sourceTree = "<group>";
		};
		765EF81A1EBCB60700C21E2E /* Categories */ = {
			isa = PBXGroup;
			children = (
				765EF81B1EBCB60700C21E2E /* NSManagedObject+DataStorage.h */,
				765EF81C1EBCB60700C21E2E /* NSManagedObject+DataStorage.m */,
				765EF81D1EBCB60700C21E2E /* NSManagedObjectContext+DataStorage.h */,
				765EF81E1EBCB60700C21E2E /* NSManagedObjectContext+DataStorage.m */,
				765EF81F1EBCB60700C21E2E /* NSManagedObjectModel+EntityDescription.h */,
				765EF8201EBCB60700C21E2E /* NSManagedObjectModel+EntityDescription.m */,
				B84F3CE821CE3FF600489349 /* NSManagedObjectContext+EntityDescription.h */,
				B84F3CE921CE3FF600489349 /* NSManagedObjectContext+EntityDescription.m */,
			);
			path = Categories;
			sourceTree = "<group>";
		};
		765EF8211EBCB60700C21E2E /* DPDataSource */ = {
			isa = PBXGroup;
			children = (
				074E5E762208655200868634 /* private */,
				765EF8291EBCB60700C21E2E /* DPDataSourceContainer.h */,
				765EF8241EBCB60700C21E2E /* DPBaseDataSource.h */,
				765EF8251EBCB60700C21E2E /* DPBaseDataSource.m */,
				765EF8281EBCB60700C21E2E /* DPDataSourceCell.h */,
				765EF82A1EBCB60700C21E2E /* DPTableViewDataSource.h */,
				765EF82B1EBCB60700C21E2E /* DPTableViewDataSource.m */,
				765EF8261EBCB60700C21E2E /* DPCollectionViewDataSource.h */,
				765EF8271EBCB60700C21E2E /* DPCollectionViewDataSource.m */,
				7690ADE71EC35DC5003C1CDD /* DPMapViewDataSource.h */,
				7690ADE81EC35DC5003C1CDD /* DPMapViewDataSource.m */,
				765EF8221EBCB60700C21E2E /* DPArrayController.h */,
				765EF8231EBCB60700C21E2E /* DPArrayController.m */,
				074B16BC21E46D6400FAF431 /* DPFilteredArrayController.h */,
				074B16BD21E46D6400FAF431 /* DPFilteredArrayController.m */,
				074B16C021E4734D00FAF431 /* DPSectionedArrayController.h */,
				074B16C121E4734D00FAF431 /* DPSectionedArrayController.m */,
				074B16D221E5E0C300FAF431 /* DPSectionedFetchedResultsController.h */,
				074B16D321E5E0C300FAF431 /* DPSectionedFetchedResultsController.m */,
				07750BBA21F599F4009B5C45 /* DPContainerControllerBasedController.h */,
				07750BBB21F599F4009B5C45 /* DPContainerControllerBasedController.m */,
			);
			path = DPDataSource;
			sourceTree = "<group>";
		};
		765EF83C1EBCB60D00C21E2E /* Mapping */ = {
			isa = PBXGroup;
			children = (
				765EF83D1EBCB60D00C21E2E /* NSManagedObject+DPDataStorage_Mapping.h */,
				765EF83E1EBCB60D00C21E2E /* NSManagedObject+DPDataStorage_Mapping.m */,
				B84F3CEE21CE422A00489349 /* NSManagedObjectContext+DPDataStorage_Mapping.h */,
				B84F3CEF21CE422A00489349 /* NSManagedObjectContext+DPDataStorage_Mapping.m */,
			);
			path = Mapping;
			sourceTree = "<group>";
		};
/* End PBXGroup section */

/* Begin PBXHeadersBuildPhase section */
		765EF80C1EBCB53D00C21E2E /* Headers */ = {
			isa = PBXHeadersBuildPhase;
			buildActionMask = 2147483647;
			files = (
				074B16D421E5E0C300FAF431 /* DPSectionedFetchedResultsController.h in Headers */,
				765EF82C1EBCB60700C21E2E /* NSManagedObject+DataStorage.h in Headers */,
				765EF8301EBCB60800C21E2E /* NSManagedObjectModel+EntityDescription.h in Headers */,
				074E5E7B2208657900868634 /* DPArrayControllerSection.h in Headers */,
				07750BBC21F599F4009B5C45 /* DPContainerControllerBasedController.h in Headers */,
				B84F3CEA21CE3FF600489349 /* NSManagedObjectContext+EntityDescription.h in Headers */,
				765EF83F1EBCB60D00C21E2E /* NSManagedObject+DPDataStorage_Mapping.h in Headers */,
				B84F3CF021CE422A00489349 /* NSManagedObjectContext+DPDataStorage_Mapping.h in Headers */,
				765EF82E1EBCB60800C21E2E /* NSManagedObjectContext+DataStorage.h in Headers */,
				07588B4C220866B20093BA31 /* DPPlaceholderObject.h in Headers */,
				765EF8361EBCB60800C21E2E /* DPCollectionViewDataSource.h in Headers */,
				074B16C221E4734D00FAF431 /* DPSectionedArrayController.h in Headers */,
				765EF83A1EBCB60800C21E2E /* DPTableViewDataSource.h in Headers */,
				074A3C1C22363B900061439E /* DPChange.h in Headers */,
				765EF8341EBCB60800C21E2E /* DPBaseDataSource.h in Headers */,
				765EF8391EBCB60800C21E2E /* DPDataSourceContainer.h in Headers */,
				7690ADE91EC35DC5003C1CDD /* DPMapViewDataSource.h in Headers */,
				765EF8381EBCB60800C21E2E /* DPDataSourceCell.h in Headers */,
				765EF8321EBCB60800C21E2E /* DPArrayController.h in Headers */,
				765EF8141EBCB53D00C21E2E /* DPDataStorage.h in Headers */,
				074B16BE21E46D6400FAF431 /* DPFilteredArrayController.h in Headers */,
			);
			runOnlyForDeploymentPostprocessing = 0;
		};
		B84F3CD521CE3ECE00489349 /* Headers */ = {
			isa = PBXHeadersBuildPhase;
			buildActionMask = 2147483647;
			files = (
				B84F3CF121CE422A00489349 /* NSManagedObjectContext+DPDataStorage_Mapping.h in Headers */,
				B84F3CD821CE3ECE00489349 /* NSManagedObject+DPDataStorage_Mapping.h in Headers */,
			);
			runOnlyForDeploymentPostprocessing = 0;
		};
/* End PBXHeadersBuildPhase section */

/* Begin PBXNativeTarget section */
		765EF80E1EBCB53D00C21E2E /* DPDataStorage */ = {
			isa = PBXNativeTarget;
			buildConfigurationList = 765EF8171EBCB53D00C21E2E /* Build configuration list for PBXNativeTarget "DPDataStorage" */;
			buildPhases = (
				765EF80A1EBCB53D00C21E2E /* Sources */,
				765EF80B1EBCB53D00C21E2E /* Frameworks */,
				765EF80C1EBCB53D00C21E2E /* Headers */,
				765EF80D1EBCB53D00C21E2E /* Resources */,
			);
			buildRules = (
			);
			dependencies = (
			);
			name = DPDataStorage;
			productName = DPDataStorage;
			productReference = 765EF80F1EBCB53D00C21E2E /* DPDataStorage.framework */;
			productType = "com.apple.product-type.framework";
		};
		B84F3CC821CE3ECE00489349 /* CoreDataMapping */ = {
			isa = PBXNativeTarget;
			buildConfigurationList = B84F3CE321CE3ECE00489349 /* Build configuration list for PBXNativeTarget "CoreDataMapping" */;
			buildPhases = (
				B84F3CC921CE3ECE00489349 /* Sources */,
				B84F3CD421CE3ECE00489349 /* Frameworks */,
				B84F3CD521CE3ECE00489349 /* Headers */,
				B84F3CE221CE3ECE00489349 /* Resources */,
			);
			buildRules = (
			);
			dependencies = (
			);
			name = CoreDataMapping;
			productName = DPDataStorage;
			productReference = B84F3CE621CE3ECE00489349 /* CoreDataMapping.framework */;
			productType = "com.apple.product-type.framework";
		};
/* End PBXNativeTarget section */

/* Begin PBXProject section */
		765EF8061EBCB53D00C21E2E /* Project object */ = {
			isa = PBXProject;
			attributes = {
				LastUpgradeCheck = 1010;
				ORGANIZATIONNAME = EffectiveSoft;
				TargetAttributes = {
					765EF80E1EBCB53D00C21E2E = {
						CreatedOnToolsVersion = 8.3.1;
						LastSwiftMigration = 1010;
						ProvisioningStyle = Automatic;
					};
					765EF8431EBCB96900C21E2E = {
						CreatedOnToolsVersion = 8.3.1;
						DevelopmentTeam = U6JPKWSC5S;
						ProvisioningStyle = Automatic;
					};
				};
			};
			buildConfigurationList = 765EF8091EBCB53D00C21E2E /* Build configuration list for PBXProject "DPDataStorage" */;
			compatibilityVersion = "Xcode 3.2";
			developmentRegion = English;
			hasScannedForEncodings = 0;
			knownRegions = (
				en,
			);
			mainGroup = 765EF8051EBCB53D00C21E2E;
			productRefGroup = 765EF8101EBCB53D00C21E2E /* Products */;
			projectDirPath = "";
			projectRoot = "";
			targets = (
				765EF80E1EBCB53D00C21E2E /* DPDataStorage */,
				765EF8431EBCB96900C21E2E /* DPDataStorageAggregate */,
				B84F3CC821CE3ECE00489349 /* CoreDataMapping */,
			);
		};
/* End PBXProject section */

/* Begin PBXResourcesBuildPhase section */
		765EF80D1EBCB53D00C21E2E /* Resources */ = {
			isa = PBXResourcesBuildPhase;
			buildActionMask = 2147483647;
			files = (
			);
			runOnlyForDeploymentPostprocessing = 0;
		};
		B84F3CE221CE3ECE00489349 /* Resources */ = {
			isa = PBXResourcesBuildPhase;
			buildActionMask = 2147483647;
			files = (
			);
			runOnlyForDeploymentPostprocessing = 0;
		};
/* End PBXResourcesBuildPhase section */

/* Begin PBXShellScriptBuildPhase section */
		765EF8471EBCB98F00C21E2E /* ShellScript */ = {
			isa = PBXShellScriptBuildPhase;
			buildActionMask = 2147483647;
			files = (
			);
			inputPaths = (
			);
			outputPaths = (
			);
			runOnlyForDeploymentPostprocessing = 0;
			shellPath = /bin/sh;
			shellScript = "#!/bin/sh\n\n\nUNIVERSAL_OUTPUTFOLDER=${BUILD_DIR}/${CONFIGURATION}-universal\n\n\n# make sure the output directory exists\n\nmkdir -p \"${UNIVERSAL_OUTPUTFOLDER}\"\n\n\n# Step 1. Build Device and Simulator versions\n\nxcodebuild -target \"${PROJECT_NAME}\" ONLY_ACTIVE_ARCH=NO -configuration ${CONFIGURATION} -sdk iphoneos  BUILD_DIR=\"${BUILD_DIR}\" BUILD_ROOT=\"${BUILD_ROOT}\" clean build\n\nxcodebuild -target \"${PROJECT_NAME}\" -configuration ${CONFIGURATION} -sdk iphonesimulator ONLY_ACTIVE_ARCH=NO BUILD_DIR=\"${BUILD_DIR}\" BUILD_ROOT=\"${BUILD_ROOT}\" clean build\n\n\n# Step 2. Copy the framework structure (from iphoneos build) to the universal folder\n\ncp -R \"${BUILD_DIR}/${CONFIGURATION}-iphoneos/${PROJECT_NAME}.framework\" \"${UNIVERSAL_OUTPUTFOLDER}/\"\n\n\n# Step 3. Copy Swift modules from iphonesimulator build (if it exists) to the copied framework directory\n\nSIMULATOR_SWIFT_MODULES_DIR=\"${BUILD_DIR}/${CONFIGURATION}-iphonesimulator/${PROJECT_NAME}.framework/Modules/${PROJECT_NAME}.swiftmodule/.\"\n\nif [ -d \"${SIMULATOR_SWIFT_MODULES_DIR}\" ]; then\n\ncp -R \"${SIMULATOR_SWIFT_MODULES_DIR}\" \"${UNIVERSAL_OUTPUTFOLDER}/${PROJECT_NAME}.framework/Modules/${PROJECT_NAME}.swiftmodule\"\n\nfi\n\n\n# Step 4. Create universal binary file using lipo and place the combined executable in the copied framework directory\n\nlipo -create -output \"${UNIVERSAL_OUTPUTFOLDER}/${PROJECT_NAME}.framework/${PROJECT_NAME}\" \"${BUILD_DIR}/${CONFIGURATION}-iphonesimulator/${PROJECT_NAME}.framework/${PROJECT_NAME}\" \"${BUILD_DIR}/${CONFIGURATION}-iphoneos/${PROJECT_NAME}.framework/${PROJECT_NAME}\"\n\n\n# Step 5. Convenience step to copy the framework to the project's directory\n\ncp -R \"${UNIVERSAL_OUTPUTFOLDER}/${PROJECT_NAME}.framework\" \"${PROJECT_DIR}/build\"\n\n\n# Step 6. Convenience step to open the project's directory in Finder\n\nopen \"${BUILD_DIR}/${CONFIGURATION}-universal\"";
		};
/* End PBXShellScriptBuildPhase section */

/* Begin PBXSourcesBuildPhase section */
		765EF80A1EBCB53D00C21E2E /* Sources */ = {
			isa = PBXSourcesBuildPhase;
			buildActionMask = 2147483647;
			files = (
				765EF8401EBCB60D00C21E2E /* NSManagedObject+DPDataStorage_Mapping.m in Sources */,
				765EF82D1EBCB60700C21E2E /* NSManagedObject+DataStorage.m in Sources */,
				765EF8331EBCB60800C21E2E /* DPArrayController.m in Sources */,
				765EF82F1EBCB60800C21E2E /* NSManagedObjectContext+DataStorage.m in Sources */,
				765EF8371EBCB60800C21E2E /* DPCollectionViewDataSource.m in Sources */,
				B84F3CEC21CE3FF600489349 /* NSManagedObjectContext+EntityDescription.m in Sources */,
				074B16BF21E46D6400FAF431 /* DPFilteredArrayController.m in Sources */,
				765EF8421EBCB77D00C21E2E /* DPDataStorage.m in Sources */,
				765EF8351EBCB60800C21E2E /* DPBaseDataSource.m in Sources */,
				765EF83B1EBCB60800C21E2E /* DPTableViewDataSource.m in Sources */,
				074E5E7A2208657500868634 /* DPArrayControllerSection.m in Sources */,
				07750BBD21F599F4009B5C45 /* DPContainerControllerBasedController.m in Sources */,
				07588B4D220866B20093BA31 /* DPPlaceholderObject.m in Sources */,
				074A3C1B22363B900061439E /* DPChange.m in Sources */,
				074B16D521E5E0C300FAF431 /* DPSectionedFetchedResultsController.m in Sources */,
				074B16C321E4734D00FAF431 /* DPSectionedArrayController.m in Sources */,
				B84F3CF221CE422A00489349 /* NSManagedObjectContext+DPDataStorage_Mapping.m in Sources */,
				7690ADEA1EC35DC5003C1CDD /* DPMapViewDataSource.m in Sources */,
				765EF8311EBCB60800C21E2E /* NSManagedObjectModel+EntityDescription.m in Sources */,
			);
			runOnlyForDeploymentPostprocessing = 0;
		};
		B84F3CC921CE3ECE00489349 /* Sources */ = {
			isa = PBXSourcesBuildPhase;
			buildActionMask = 2147483647;
			files = (
				B84F3CED21CE3FF600489349 /* NSManagedObjectContext+EntityDescription.m in Sources */,
				B84F3CF321CE422A00489349 /* NSManagedObjectContext+DPDataStorage_Mapping.m in Sources */,
				B84F3CCA21CE3ECE00489349 /* NSManagedObject+DPDataStorage_Mapping.m in Sources */,
				B84F3CCB21CE3ECE00489349 /* NSManagedObject+DataStorage.m in Sources */,
			);
			runOnlyForDeploymentPostprocessing = 0;
		};
/* End PBXSourcesBuildPhase section */

/* Begin XCBuildConfiguration section */
		765EF8151EBCB53D00C21E2E /* Debug */ = {
			isa = XCBuildConfiguration;
			buildSettings = {
				ALWAYS_SEARCH_USER_PATHS = NO;
				CLANG_ANALYZER_NONNULL = YES;
				CLANG_ANALYZER_NUMBER_OBJECT_CONVERSION = YES_AGGRESSIVE;
				CLANG_CXX_LANGUAGE_STANDARD = "gnu++0x";
				CLANG_CXX_LIBRARY = "libc++";
				CLANG_ENABLE_MODULES = YES;
				CLANG_ENABLE_OBJC_ARC = YES;
				CLANG_WARN_BLOCK_CAPTURE_AUTORELEASING = YES;
				CLANG_WARN_BOOL_CONVERSION = YES;
				CLANG_WARN_COMMA = YES;
				CLANG_WARN_CONSTANT_CONVERSION = YES;
				CLANG_WARN_DEPRECATED_OBJC_IMPLEMENTATIONS = YES;
				CLANG_WARN_DIRECT_OBJC_ISA_USAGE = YES_ERROR;
				CLANG_WARN_DOCUMENTATION_COMMENTS = YES;
				CLANG_WARN_EMPTY_BODY = YES;
				CLANG_WARN_ENUM_CONVERSION = YES;
				CLANG_WARN_INFINITE_RECURSION = YES;
				CLANG_WARN_INT_CONVERSION = YES;
				CLANG_WARN_NON_LITERAL_NULL_CONVERSION = YES;
				CLANG_WARN_OBJC_IMPLICIT_RETAIN_SELF = YES;
				CLANG_WARN_OBJC_LITERAL_CONVERSION = YES;
				CLANG_WARN_OBJC_ROOT_CLASS = YES_ERROR;
				CLANG_WARN_RANGE_LOOP_ANALYSIS = YES;
				CLANG_WARN_STRICT_PROTOTYPES = YES;
				CLANG_WARN_SUSPICIOUS_MOVE = YES;
				CLANG_WARN_UNREACHABLE_CODE = YES;
				CLANG_WARN__DUPLICATE_METHOD_MATCH = YES;
				"CODE_SIGN_IDENTITY[sdk=iphoneos*]" = "iPhone Developer";
				COPY_PHASE_STRIP = NO;
				CURRENT_PROJECT_VERSION = 1;
				DEBUG_INFORMATION_FORMAT = dwarf;
				ENABLE_STRICT_OBJC_MSGSEND = YES;
				ENABLE_TESTABILITY = YES;
				GCC_C_LANGUAGE_STANDARD = gnu99;
				GCC_DYNAMIC_NO_PIC = NO;
				GCC_NO_COMMON_BLOCKS = YES;
				GCC_OPTIMIZATION_LEVEL = 0;
				GCC_PREPROCESSOR_DEFINITIONS = (
					"DEBUG=1",
					"$(inherited)",
				);
				GCC_WARN_64_TO_32_BIT_CONVERSION = YES;
				GCC_WARN_ABOUT_RETURN_TYPE = YES_ERROR;
				GCC_WARN_UNDECLARED_SELECTOR = YES;
				GCC_WARN_UNINITIALIZED_AUTOS = YES_AGGRESSIVE;
				GCC_WARN_UNUSED_FUNCTION = YES;
				GCC_WARN_UNUSED_VARIABLE = YES;
				IPHONEOS_DEPLOYMENT_TARGET = 9.0;
				MTL_ENABLE_DEBUG_INFO = YES;
				ONLY_ACTIVE_ARCH = YES;
				SDKROOT = iphoneos;
				TARGETED_DEVICE_FAMILY = "1,2";
				VERSIONING_SYSTEM = "apple-generic";
				VERSION_INFO_PREFIX = "";
			};
			name = Debug;
		};
		765EF8161EBCB53D00C21E2E /* Release */ = {
			isa = XCBuildConfiguration;
			buildSettings = {
				ALWAYS_SEARCH_USER_PATHS = NO;
				CLANG_ANALYZER_NONNULL = YES;
				CLANG_ANALYZER_NUMBER_OBJECT_CONVERSION = YES_AGGRESSIVE;
				CLANG_CXX_LANGUAGE_STANDARD = "gnu++0x";
				CLANG_CXX_LIBRARY = "libc++";
				CLANG_ENABLE_MODULES = YES;
				CLANG_ENABLE_OBJC_ARC = YES;
				CLANG_WARN_BLOCK_CAPTURE_AUTORELEASING = YES;
				CLANG_WARN_BOOL_CONVERSION = YES;
				CLANG_WARN_COMMA = YES;
				CLANG_WARN_CONSTANT_CONVERSION = YES;
				CLANG_WARN_DEPRECATED_OBJC_IMPLEMENTATIONS = YES;
				CLANG_WARN_DIRECT_OBJC_ISA_USAGE = YES_ERROR;
				CLANG_WARN_DOCUMENTATION_COMMENTS = YES;
				CLANG_WARN_EMPTY_BODY = YES;
				CLANG_WARN_ENUM_CONVERSION = YES;
				CLANG_WARN_INFINITE_RECURSION = YES;
				CLANG_WARN_INT_CONVERSION = YES;
				CLANG_WARN_NON_LITERAL_NULL_CONVERSION = YES;
				CLANG_WARN_OBJC_IMPLICIT_RETAIN_SELF = YES;
				CLANG_WARN_OBJC_LITERAL_CONVERSION = YES;
				CLANG_WARN_OBJC_ROOT_CLASS = YES_ERROR;
				CLANG_WARN_RANGE_LOOP_ANALYSIS = YES;
				CLANG_WARN_STRICT_PROTOTYPES = YES;
				CLANG_WARN_SUSPICIOUS_MOVE = YES;
				CLANG_WARN_UNREACHABLE_CODE = YES;
				CLANG_WARN__DUPLICATE_METHOD_MATCH = YES;
				"CODE_SIGN_IDENTITY[sdk=iphoneos*]" = "iPhone Developer";
				COPY_PHASE_STRIP = NO;
				CURRENT_PROJECT_VERSION = 1;
				DEBUG_INFORMATION_FORMAT = "dwarf-with-dsym";
				ENABLE_NS_ASSERTIONS = NO;
				ENABLE_STRICT_OBJC_MSGSEND = YES;
				GCC_C_LANGUAGE_STANDARD = gnu99;
				GCC_NO_COMMON_BLOCKS = YES;
				GCC_WARN_64_TO_32_BIT_CONVERSION = YES;
				GCC_WARN_ABOUT_RETURN_TYPE = YES_ERROR;
				GCC_WARN_UNDECLARED_SELECTOR = YES;
				GCC_WARN_UNINITIALIZED_AUTOS = YES_AGGRESSIVE;
				GCC_WARN_UNUSED_FUNCTION = YES;
				GCC_WARN_UNUSED_VARIABLE = YES;
				IPHONEOS_DEPLOYMENT_TARGET = 9.0;
				MTL_ENABLE_DEBUG_INFO = NO;
				SDKROOT = iphoneos;
				SWIFT_OPTIMIZATION_LEVEL = "-Owholemodule";
				TARGETED_DEVICE_FAMILY = "1,2";
				VALIDATE_PRODUCT = YES;
				VERSIONING_SYSTEM = "apple-generic";
				VERSION_INFO_PREFIX = "";
			};
			name = Release;
		};
		765EF8181EBCB53D00C21E2E /* Debug */ = {
			isa = XCBuildConfiguration;
			buildSettings = {
				CLANG_ENABLE_MODULES = YES;
				CODE_SIGN_IDENTITY = "";
				DEFINES_MODULE = YES;
				DEVELOPMENT_TEAM = "";
				DYLIB_COMPATIBILITY_VERSION = 1;
				DYLIB_CURRENT_VERSION = 1;
				DYLIB_INSTALL_NAME_BASE = "@rpath";
				INFOPLIST_FILE = "$(SRCROOT)/Info.plist";
				INSTALL_PATH = "$(LOCAL_LIBRARY_DIR)/Frameworks";
				IPHONEOS_DEPLOYMENT_TARGET = 9.0;
				LD_RUNPATH_SEARCH_PATHS = "$(inherited) @executable_path/Frameworks @loader_path/Frameworks";
				PRODUCT_BUNDLE_IDENTIFIER = com.effectivesoft.DPDataStorage;
				PRODUCT_NAME = "$(TARGET_NAME)";
				SKIP_INSTALL = YES;
				SWIFT_OPTIMIZATION_LEVEL = "-Onone";
				SWIFT_VERSION = 3.0;
			};
			name = Debug;
		};
		765EF8191EBCB53D00C21E2E /* Release */ = {
			isa = XCBuildConfiguration;
			buildSettings = {
				CLANG_ENABLE_MODULES = YES;
				CODE_SIGN_IDENTITY = "";
				DEFINES_MODULE = YES;
				DEVELOPMENT_TEAM = "";
				DYLIB_COMPATIBILITY_VERSION = 1;
				DYLIB_CURRENT_VERSION = 1;
				DYLIB_INSTALL_NAME_BASE = "@rpath";
				INFOPLIST_FILE = "$(SRCROOT)/Info.plist";
				INSTALL_PATH = "$(LOCAL_LIBRARY_DIR)/Frameworks";
				IPHONEOS_DEPLOYMENT_TARGET = 9.0;
				LD_RUNPATH_SEARCH_PATHS = "$(inherited) @executable_path/Frameworks @loader_path/Frameworks";
				PRODUCT_BUNDLE_IDENTIFIER = com.effectivesoft.DPDataStorage;
				PRODUCT_NAME = "$(TARGET_NAME)";
				SKIP_INSTALL = YES;
				SWIFT_VERSION = 3.0;
			};
			name = Release;
		};
		765EF8451EBCB96A00C21E2E /* Debug */ = {
			isa = XCBuildConfiguration;
			buildSettings = {
				DEVELOPMENT_TEAM = U6JPKWSC5S;
				PRODUCT_NAME = "$(TARGET_NAME)";
			};
			name = Debug;
		};
		765EF8461EBCB96A00C21E2E /* Release */ = {
			isa = XCBuildConfiguration;
			buildSettings = {
				DEVELOPMENT_TEAM = U6JPKWSC5S;
				PRODUCT_NAME = "$(TARGET_NAME)";
			};
			name = Release;
		};
		B84F3CE421CE3ECE00489349 /* Debug */ = {
			isa = XCBuildConfiguration;
			buildSettings = {
				CLANG_ENABLE_MODULES = YES;
				CODE_SIGN_IDENTITY = "";
				DEFINES_MODULE = YES;
				DEVELOPMENT_TEAM = "";
				DYLIB_COMPATIBILITY_VERSION = 1;
				DYLIB_CURRENT_VERSION = 1;
				DYLIB_INSTALL_NAME_BASE = "@rpath";
				INFOPLIST_FILE = "$(SRCROOT)/Info.plist";
				INSTALL_PATH = "$(LOCAL_LIBRARY_DIR)/Frameworks";
				IPHONEOS_DEPLOYMENT_TARGET = 9.0;
				LD_RUNPATH_SEARCH_PATHS = "$(inherited) @executable_path/Frameworks @loader_path/Frameworks";
				PRODUCT_BUNDLE_IDENTIFIER = com.dpdatastorage.mapping;
				PRODUCT_NAME = "$(TARGET_NAME)";
				SKIP_INSTALL = YES;
				SWIFT_OPTIMIZATION_LEVEL = "-Onone";
				SWIFT_VERSION = 3.0;
			};
			name = Debug;
		};
		B84F3CE521CE3ECE00489349 /* Release */ = {
			isa = XCBuildConfiguration;
			buildSettings = {
				CLANG_ENABLE_MODULES = YES;
				CODE_SIGN_IDENTITY = "";
				DEFINES_MODULE = YES;
				DEVELOPMENT_TEAM = "";
				DYLIB_COMPATIBILITY_VERSION = 1;
				DYLIB_CURRENT_VERSION = 1;
				DYLIB_INSTALL_NAME_BASE = "@rpath";
				INFOPLIST_FILE = "$(SRCROOT)/Info.plist";
				INSTALL_PATH = "$(LOCAL_LIBRARY_DIR)/Frameworks";
				IPHONEOS_DEPLOYMENT_TARGET = 9.0;
				LD_RUNPATH_SEARCH_PATHS = "$(inherited) @executable_path/Frameworks @loader_path/Frameworks";
				PRODUCT_BUNDLE_IDENTIFIER = com.dpdatastorage.mapping;
				PRODUCT_NAME = "$(TARGET_NAME)";
				SKIP_INSTALL = YES;
				SWIFT_VERSION = 3.0;
			};
			name = Release;
		};
/* End XCBuildConfiguration section */

/* Begin XCConfigurationList section */
		765EF8091EBCB53D00C21E2E /* Build configuration list for PBXProject "DPDataStorage" */ = {
			isa = XCConfigurationList;
			buildConfigurations = (
				765EF8151EBCB53D00C21E2E /* Debug */,
				765EF8161EBCB53D00C21E2E /* Release */,
			);
			defaultConfigurationIsVisible = 0;
			defaultConfigurationName = Release;
		};
		765EF8171EBCB53D00C21E2E /* Build configuration list for PBXNativeTarget "DPDataStorage" */ = {
			isa = XCConfigurationList;
			buildConfigurations = (
				765EF8181EBCB53D00C21E2E /* Debug */,
				765EF8191EBCB53D00C21E2E /* Release */,
			);
			defaultConfigurationIsVisible = 0;
			defaultConfigurationName = Release;
		};
		765EF8441EBCB96A00C21E2E /* Build configuration list for PBXAggregateTarget "DPDataStorageAggregate" */ = {
			isa = XCConfigurationList;
			buildConfigurations = (
				765EF8451EBCB96A00C21E2E /* Debug */,
				765EF8461EBCB96A00C21E2E /* Release */,
			);
			defaultConfigurationIsVisible = 0;
			defaultConfigurationName = Release;
		};
		B84F3CE321CE3ECE00489349 /* Build configuration list for PBXNativeTarget "CoreDataMapping" */ = {
			isa = XCConfigurationList;
			buildConfigurations = (
				B84F3CE421CE3ECE00489349 /* Debug */,
				B84F3CE521CE3ECE00489349 /* Release */,
			);
			defaultConfigurationIsVisible = 0;
			defaultConfigurationName = Release;
		};
/* End XCConfigurationList section */
	};
	rootObject = 765EF8061EBCB53D00C21E2E /* Project object */;
}
